
Microsoft Visual Studio Solution File, Format Version 12.00
# Visual Studio Version 17
VisualStudioVersion = 17.9.34728.123
MinimumVisualStudioVersion = 10.0.40219.1
Project("{FAE04EC0-301F-11D3-BF4B-00C04F79EFBC}") = "Web UI Automation (NUnit)", "Web UI Automation (NUnit).csproj", "{5C3A042A-6E3E-401B-9A68-CA047DD1681F}"
EndProject
Project("{FAE04EC0-301F-11D3-BF4B-00C04F79EFBC}") = "Web UI Automation (xUnit)", "xUnit\Web UI Automation (xUnit).csproj", "{E321FB7A-FF5B-4530-899D-5F38F8ED52B0}"
EndProject
Global
	GlobalSection(SolutionConfigurationPlatforms) = preSolution
		Debug|Any CPU = Debug|Any CPU
		Release|Any CPU = Release|Any CPU
	EndGlobalSection
	GlobalSection(ProjectConfigurationPlatforms) = postSolution
		{5C3A042A-6E3E-401B-9A68-CA047DD1681F}.Debug|Any CPU.ActiveCfg = Debug|Any CPU
		{5C3A042A-6E3E-401B-9A68-CA047DD1681F}.Debug|Any CPU.Build.0 = Debug|Any CPU
		{5C3A042A-6E3E-401B-9A68-CA047DD1681F}.Release|Any CPU.ActiveCfg = Release|Any CPU
		{5C3A042A-6E3E-401B-9A68-CA047DD1681F}.Release|Any CPU.Build.0 = Release|Any CPU
		{E321FB7A-FF5B-4530-899D-5F38F8ED52B0}.Debug|Any CPU.ActiveCfg = Debug|Any CPU
		{E321FB7A-FF5B-4530-899D-5F38F8ED52B0}.Debug|Any CPU.Build.0 = Debug|Any CPU
		{E321FB7A-FF5B-4530-899D-5F38F8ED52B0}.Release|Any CPU.ActiveCfg = Release|Any CPU
		{E321FB7A-FF5B-4530-899D-5F38F8ED52B0}.Release|Any CPU.Build.0 = Release|Any CPU
	EndGlobalSection
	GlobalSection(SolutionProperties) = preSolution
		HideSolutionNode = FALSE
	EndGlobalSection
	GlobalSection(ExtensibilityGlobals) = postSolution
		SolutionGuid = {B6FE0F81-3E1E-4A21-96F7-A228411BDD63}
	EndGlobalSection
EndGlobal
