
Microsoft Visual Studio Solution File, Format Version 12.00
# Visual Studio Version 17
VisualStudioVersion = 17.9.34728.123
MinimumVisualStudioVersion = 10.0.40219.1
Project("{9A19103F-16F7-4668-BE54-9A1E7A4F7556}") = "Web UI Automation (xUnit)", "xUnit\Web UI Automation (xUnit).csproj", "{F68F6821-6660-4361-A9EE-EDF4773551DF}"
EndProject
Project("{9A19103F-16F7-4668-BE54-9A1E7A4F7556}") = "Web UI Automation (NUnit)", "NUnit\Web UI Automation (NUnit).csproj", "{D57BAD5F-3D5A-4642-A2B7-BEF08CE45DDF}"
EndProject
Project("{9A19103F-16F7-4668-BE54-9A1E7A4F7556}") = "ClassLibrary", "ClassLibrary\ClassLibrary.csproj", "{976F217A-AE7F-43AD-97F9-7687F45C0C53}"
EndProject
Project("{FAE04EC0-301F-11D3-BF4B-00C04F79EFBC}") = "ApiTests", "ApiTests\ApiTests.csproj", "{3C393ACC-BEF7-4EAC-934C-8C9A1775DEF1}"
EndProject
Global
	GlobalSection(SolutionConfigurationPlatforms) = preSolution
		Debug|Any CPU = Debug|Any CPU
		Release|Any CPU = Release|Any CPU
	EndGlobalSection
	GlobalSection(ProjectConfigurationPlatforms) = postSolution
		{F68F6821-6660-4361-A9EE-EDF4773551DF}.Debug|Any CPU.ActiveCfg = Debug|Any CPU
		{F68F6821-6660-4361-A9EE-EDF4773551DF}.Debug|Any CPU.Build.0 = Debug|Any CPU
		{F68F6821-6660-4361-A9EE-EDF4773551DF}.Release|Any CPU.ActiveCfg = Release|Any CPU
		{F68F6821-6660-4361-A9EE-EDF4773551DF}.Release|Any CPU.Build.0 = Release|Any CPU
		{D57BAD5F-3D5A-4642-A2B7-BEF08CE45DDF}.Debug|Any CPU.ActiveCfg = Debug|Any CPU
		{D57BAD5F-3D5A-4642-A2B7-BEF08CE45DDF}.Debug|Any CPU.Build.0 = Debug|Any CPU
		{D57BAD5F-3D5A-4642-A2B7-BEF08CE45DDF}.Release|Any CPU.ActiveCfg = Release|Any CPU
		{D57BAD5F-3D5A-4642-A2B7-BEF08CE45DDF}.Release|Any CPU.Build.0 = Release|Any CPU
		{976F217A-AE7F-43AD-97F9-7687F45C0C53}.Debug|Any CPU.ActiveCfg = Debug|Any CPU
		{976F217A-AE7F-43AD-97F9-7687F45C0C53}.Debug|Any CPU.Build.0 = Debug|Any CPU
		{976F217A-AE7F-43AD-97F9-7687F45C0C53}.Release|Any CPU.ActiveCfg = Release|Any CPU
		{976F217A-AE7F-43AD-97F9-7687F45C0C53}.Release|Any CPU.Build.0 = Release|Any CPU
		{3C393ACC-BEF7-4EAC-934C-8C9A1775DEF1}.Debug|Any CPU.ActiveCfg = Debug|Any CPU
		{3C393ACC-BEF7-4EAC-934C-8C9A1775DEF1}.Debug|Any CPU.Build.0 = Debug|Any CPU
		{3C393ACC-BEF7-4EAC-934C-8C9A1775DEF1}.Release|Any CPU.ActiveCfg = Release|Any CPU
		{3C393ACC-BEF7-4EAC-934C-8C9A1775DEF1}.Release|Any CPU.Build.0 = Release|Any CPU
	EndGlobalSection
	GlobalSection(SolutionProperties) = preSolution
		HideSolutionNode = FALSE
	EndGlobalSection
	GlobalSection(ExtensibilityGlobals) = postSolution
		SolutionGuid = {B6FE0F81-3E1E-4A21-96F7-A228411BDD63}
	EndGlobalSection
EndGlobal
